// !$*UTF8*$!
{
	archiveVersion = 1;
	classes = {
	};
	objectVersion = 55;
	objects = {

/* Begin PBXBuildFile section */
		200C348228CB6E560091A823 /* AboutView.swift in Sources */ = {isa = PBXBuildFile; fileRef = 200C348128CB6E560091A823 /* AboutView.swift */; };
		206710E128D1BE5F005AC230 /* TaskListCategoryView.swift in Sources */ = {isa = PBXBuildFile; fileRef = 206710E028D1BE5F005AC230 /* TaskListCategoryView.swift */; };
		206710E328D1C1CE005AC230 /* TaskCreationView.swift in Sources */ = {isa = PBXBuildFile; fileRef = 206710E228D1C1CE005AC230 /* TaskCreationView.swift */; };
		206710E528D1C6C4005AC230 /* TaskEditView.swift in Sources */ = {isa = PBXBuildFile; fileRef = 206710E428D1C6C4005AC230 /* TaskEditView.swift */; };
		20B35E2F28C87DA100232E6A /* IOSappApp.swift in Sources */ = {isa = PBXBuildFile; fileRef = 20B35E2E28C87DA100232E6A /* IOSappApp.swift */; };
		20B35E3328C87DA300232E6A /* Assets.xcassets in Resources */ = {isa = PBXBuildFile; fileRef = 20B35E3228C87DA300232E6A /* Assets.xcassets */; };
		20B35E3628C87DA300232E6A /* Preview Assets.xcassets in Resources */ = {isa = PBXBuildFile; fileRef = 20B35E3528C87DA300232E6A /* Preview Assets.xcassets */; };
		20B35E3D28C87F3300232E6A /* TaskStore.swift in Sources */ = {isa = PBXBuildFile; fileRef = 20B35E3C28C87F3300232E6A /* TaskStore.swift */; };
		20B35E3F28C8817000232E6A /* TaskRowView.swift in Sources */ = {isa = PBXBuildFile; fileRef = 20B35E3E28C8817000232E6A /* TaskRowView.swift */; };
		20B35E4128C8841500232E6A /* Task.swift in Sources */ = {isa = PBXBuildFile; fileRef = 20B35E4028C8841500232E6A /* Task.swift */; };
		20B35E4628C88E0E00232E6A /* TaskDetailView.swift in Sources */ = {isa = PBXBuildFile; fileRef = 20B35E4528C88E0E00232E6A /* TaskDetailView.swift */; };
		20B35E4828C89FC600232E6A /* TaskListView.swift in Sources */ = {isa = PBXBuildFile; fileRef = 20B35E4728C89FC600232E6A /* TaskListView.swift */; };
/* End PBXBuildFile section */

/* Begin PBXFileReference section */
		200C348128CB6E560091A823 /* AboutView.swift */ = {isa = PBXFileReference; lastKnownFileType = sourcecode.swift; path = AboutView.swift; sourceTree = "<group>"; };
		206710E028D1BE5F005AC230 /* TaskListCategoryView.swift */ = {isa = PBXFileReference; lastKnownFileType = sourcecode.swift; path = TaskListCategoryView.swift; sourceTree = "<group>"; };
		206710E228D1C1CE005AC230 /* TaskCreationView.swift */ = {isa = PBXFileReference; lastKnownFileType = sourcecode.swift; path = TaskCreationView.swift; sourceTree = "<group>"; };
		206710E428D1C6C4005AC230 /* TaskEditView.swift */ = {isa = PBXFileReference; lastKnownFileType = sourcecode.swift; path = TaskEditView.swift; sourceTree = "<group>"; };
		20B35E2B28C87DA100232E6A /* TasksApp.app */ = {isa = PBXFileReference; explicitFileType = wrapper.application; includeInIndex = 0; path = TasksApp.app; sourceTree = BUILT_PRODUCTS_DIR; };
		20B35E2E28C87DA100232E6A /* IOSappApp.swift */ = {isa = PBXFileReference; lastKnownFileType = sourcecode.swift; path = IOSappApp.swift; sourceTree = "<group>"; };
		20B35E3228C87DA300232E6A /* Assets.xcassets */ = {isa = PBXFileReference; lastKnownFileType = folder.assetcatalog; path = Assets.xcassets; sourceTree = "<group>"; };
		20B35E3528C87DA300232E6A /* Preview Assets.xcassets */ = {isa = PBXFileReference; lastKnownFileType = folder.assetcatalog; path = "Preview Assets.xcassets"; sourceTree = "<group>"; };
		20B35E3C28C87F3300232E6A /* TaskStore.swift */ = {isa = PBXFileReference; lastKnownFileType = sourcecode.swift; path = TaskStore.swift; sourceTree = "<group>"; };
		20B35E3E28C8817000232E6A /* TaskRowView.swift */ = {isa = PBXFileReference; lastKnownFileType = sourcecode.swift; path = TaskRowView.swift; sourceTree = "<group>"; };
		20B35E4028C8841500232E6A /* Task.swift */ = {isa = PBXFileReference; lastKnownFileType = sourcecode.swift; path = Task.swift; sourceTree = "<group>"; };
		20B35E4528C88E0E00232E6A /* TaskDetailView.swift */ = {isa = PBXFileReference; lastKnownFileType = sourcecode.swift; path = TaskDetailView.swift; sourceTree = "<group>"; };
		20B35E4728C89FC600232E6A /* TaskListView.swift */ = {isa = PBXFileReference; lastKnownFileType = sourcecode.swift; path = TaskListView.swift; sourceTree = "<group>"; };
		20F1883928CE2A2400AB120F /* IOSapp.entitlements */ = {isa = PBXFileReference; lastKnownFileType = text.plist.entitlements; path = IOSapp.entitlements; sourceTree = "<group>"; };
/* End PBXFileReference section */

/* Begin PBXFrameworksBuildPhase section */
		20B35E2828C87DA100232E6A /* Frameworks */ = {
			isa = PBXFrameworksBuildPhase;
			buildActionMask = 2147483647;
			files = (
			);
			runOnlyForDeploymentPostprocessing = 0;
		};
/* End PBXFrameworksBuildPhase section */

/* Begin PBXGroup section */
		200C348328CB6EA90091A823 /* Views */ = {
			isa = PBXGroup;
			children = (
				20B35E4728C89FC600232E6A /* TaskListView.swift */,
				206710E028D1BE5F005AC230 /* TaskListCategoryView.swift */,
				20B35E3E28C8817000232E6A /* TaskRowView.swift */,
				20B35E4528C88E0E00232E6A /* TaskDetailView.swift */,
				206710E228D1C1CE005AC230 /* TaskCreationView.swift */,
				206710E428D1C6C4005AC230 /* TaskEditView.swift */,
				200C348128CB6E560091A823 /* AboutView.swift */,
			);
			path = Views;
			sourceTree = "<group>";
		};
		200C348428CB6F0E0091A823 /* Classes */ = {
			isa = PBXGroup;
			children = (
				20B35E3C28C87F3300232E6A /* TaskStore.swift */,
				20B35E4028C8841500232E6A /* Task.swift */,
			);
			path = Classes;
			sourceTree = "<group>";
		};
		20B35E2228C87DA100232E6A = {
			isa = PBXGroup;
			children = (
				20B35E2D28C87DA100232E6A /* IOSapp */,
				20B35E2C28C87DA100232E6A /* Products */,
			);
			sourceTree = "<group>";
		};
		20B35E2C28C87DA100232E6A /* Products */ = {
			isa = PBXGroup;
			children = (
				20B35E2B28C87DA100232E6A /* TasksApp.app */,
			);
			name = Products;
			sourceTree = "<group>";
		};
		20B35E2D28C87DA100232E6A /* IOSapp */ = {
			isa = PBXGroup;
			children = (
				20F1883928CE2A2400AB120F /* IOSapp.entitlements */,
				20B35E2E28C87DA100232E6A /* IOSappApp.swift */,
				200C348328CB6EA90091A823 /* Views */,
				200C348428CB6F0E0091A823 /* Classes */,
				20B35E3228C87DA300232E6A /* Assets.xcassets */,
				20B35E3428C87DA300232E6A /* Preview Content */,
			);
			path = IOSapp;
			sourceTree = "<group>";
		};
		20B35E3428C87DA300232E6A /* Preview Content */ = {
			isa = PBXGroup;
			children = (
				20B35E3528C87DA300232E6A /* Preview Assets.xcassets */,
			);
			path = "Preview Content";
			sourceTree = "<group>";
		};
/* End PBXGroup section */

/* Begin PBXNativeTarget section */
		20B35E2A28C87DA100232E6A /* IOSapp */ = {
			isa = PBXNativeTarget;
			buildConfigurationList = 20B35E3928C87DA300232E6A /* Build configuration list for PBXNativeTarget "IOSapp" */;
			buildPhases = (
				20B35E2728C87DA100232E6A /* Sources */,
				20B35E2828C87DA100232E6A /* Frameworks */,
				20B35E2928C87DA100232E6A /* Resources */,
			);
			buildRules = (
			);
			dependencies = (
			);
			name = IOSapp;
			productName = IOSapp;
			productReference = 20B35E2B28C87DA100232E6A /* TasksApp.app */;
			productType = "com.apple.product-type.application";
		};
/* End PBXNativeTarget section */

/* Begin PBXProject section */
		20B35E2328C87DA100232E6A /* Project object */ = {
			isa = PBXProject;
			attributes = {
				BuildIndependentTargetsInParallel = 1;
				LastSwiftUpdateCheck = 1340;
				LastUpgradeCheck = 1340;
				TargetAttributes = {
					20B35E2A28C87DA100232E6A = {
						CreatedOnToolsVersion = 13.4.1;
					};
				};
			};
			buildConfigurationList = 20B35E2628C87DA100232E6A /* Build configuration list for PBXProject "TasksApp" */;
			compatibilityVersion = "Xcode 13.0";
			developmentRegion = en;
			hasScannedForEncodings = 0;
			knownRegions = (
				en,
				Base,
			);
			mainGroup = 20B35E2228C87DA100232E6A;
			productRefGroup = 20B35E2C28C87DA100232E6A /* Products */;
			projectDirPath = "";
			projectRoot = "";
			targets = (
				20B35E2A28C87DA100232E6A /* IOSapp */,
			);
		};
/* End PBXProject section */

/* Begin PBXResourcesBuildPhase section */
		20B35E2928C87DA100232E6A /* Resources */ = {
			isa = PBXResourcesBuildPhase;
			buildActionMask = 2147483647;
			files = (
				20B35E3628C87DA300232E6A /* Preview Assets.xcassets in Resources */,
				20B35E3328C87DA300232E6A /* Assets.xcassets in Resources */,
			);
			runOnlyForDeploymentPostprocessing = 0;
		};
/* End PBXResourcesBuildPhase section */

/* Begin PBXSourcesBuildPhase section */
		20B35E2728C87DA100232E6A /* Sources */ = {
			isa = PBXSourcesBuildPhase;
			buildActionMask = 2147483647;
			files = (
				20B35E2F28C87DA100232E6A /* IOSappApp.swift in Sources */,
				200C348228CB6E560091A823 /* AboutView.swift in Sources */,
				206710E128D1BE5F005AC230 /* TaskListCategoryView.swift in Sources */,
				20B35E4128C8841500232E6A /* Task.swift in Sources */,
				20B35E3D28C87F3300232E6A /* TaskStore.swift in Sources */,
				206710E328D1C1CE005AC230 /* TaskCreationView.swift in Sources */,
				20B35E3F28C8817000232E6A /* TaskRowView.swift in Sources */,
				20B35E4628C88E0E00232E6A /* TaskDetailView.swift in Sources */,
				20B35E4828C89FC600232E6A /* TaskListView.swift in Sources */,
				206710E528D1C6C4005AC230 /* TaskEditView.swift in Sources */,
			);
			runOnlyForDeploymentPostprocessing = 0;
		};
/* End PBXSourcesBuildPhase section */

/* Begin XCBuildConfiguration section */
		20B35E3728C87DA300232E6A /* Debug */ = {
			isa = XCBuildConfiguration;
			buildSettings = {
				ALWAYS_SEARCH_USER_PATHS = NO;
				CLANG_ANALYZER_NONNULL = YES;
				CLANG_ANALYZER_NUMBER_OBJECT_CONVERSION = YES_AGGRESSIVE;
				CLANG_CXX_LANGUAGE_STANDARD = "gnu++17";
				CLANG_ENABLE_MODULES = YES;
				CLANG_ENABLE_OBJC_ARC = YES;
				CLANG_ENABLE_OBJC_WEAK = YES;
				CLANG_WARN_BLOCK_CAPTURE_AUTORELEASING = YES;
				CLANG_WARN_BOOL_CONVERSION = YES;
				CLANG_WARN_COMMA = YES;
				CLANG_WARN_CONSTANT_CONVERSION = YES;
				CLANG_WARN_DEPRECATED_OBJC_IMPLEMENTATIONS = YES;
				CLANG_WARN_DIRECT_OBJC_ISA_USAGE = YES_ERROR;
				CLANG_WARN_DOCUMENTATION_COMMENTS = YES;
				CLANG_WARN_EMPTY_BODY = YES;
				CLANG_WARN_ENUM_CONVERSION = YES;
				CLANG_WARN_INFINITE_RECURSION = YES;
				CLANG_WARN_INT_CONVERSION = YES;
				CLANG_WARN_NON_LITERAL_NULL_CONVERSION = YES;
				CLANG_WARN_OBJC_IMPLICIT_RETAIN_SELF = YES;
				CLANG_WARN_OBJC_LITERAL_CONVERSION = YES;
				CLANG_WARN_OBJC_ROOT_CLASS = YES_ERROR;
				CLANG_WARN_QUOTED_INCLUDE_IN_FRAMEWORK_HEADER = YES;
				CLANG_WARN_RANGE_LOOP_ANALYSIS = YES;
				CLANG_WARN_STRICT_PROTOTYPES = YES;
				CLANG_WARN_SUSPICIOUS_MOVE = YES;
				CLANG_WARN_UNGUARDED_AVAILABILITY = YES_AGGRESSIVE;
				CLANG_WARN_UNREACHABLE_CODE = YES;
				CLANG_WARN__DUPLICATE_METHOD_MATCH = YES;
				COPY_PHASE_STRIP = NO;
				DEBUG_INFORMATION_FORMAT = dwarf;
				ENABLE_STRICT_OBJC_MSGSEND = YES;
				ENABLE_TESTABILITY = YES;
				GCC_C_LANGUAGE_STANDARD = gnu11;
				GCC_DYNAMIC_NO_PIC = NO;
				GCC_NO_COMMON_BLOCKS = YES;
				GCC_OPTIMIZATION_LEVEL = 0;
				GCC_PREPROCESSOR_DEFINITIONS = (
					"DEBUG=1",
					"$(inherited)",
				);
				GCC_WARN_64_TO_32_BIT_CONVERSION = YES;
				GCC_WARN_ABOUT_RETURN_TYPE = YES_ERROR;
				GCC_WARN_UNDECLARED_SELECTOR = YES;
				GCC_WARN_UNINITIALIZED_AUTOS = YES_AGGRESSIVE;
				GCC_WARN_UNUSED_FUNCTION = YES;
				GCC_WARN_UNUSED_VARIABLE = YES;
				IPHONEOS_DEPLOYMENT_TARGET = 15.5;
				MTL_ENABLE_DEBUG_INFO = INCLUDE_SOURCE;
				MTL_FAST_MATH = YES;
				ONLY_ACTIVE_ARCH = YES;
				SDKROOT = iphoneos;
				SWIFT_ACTIVE_COMPILATION_CONDITIONS = DEBUG;
				SWIFT_OPTIMIZATION_LEVEL = "-Onone";
			};
			name = Debug;
		};
		20B35E3828C87DA300232E6A /* Release */ = {
			isa = XCBuildConfiguration;
			buildSettings = {
				ALWAYS_SEARCH_USER_PATHS = NO;
				CLANG_ANALYZER_NONNULL = YES;
				CLANG_ANALYZER_NUMBER_OBJECT_CONVERSION = YES_AGGRESSIVE;
				CLANG_CXX_LANGUAGE_STANDARD = "gnu++17";
				CLANG_ENABLE_MODULES = YES;
				CLANG_ENABLE_OBJC_ARC = YES;
				CLANG_ENABLE_OBJC_WEAK = YES;
				CLANG_WARN_BLOCK_CAPTURE_AUTORELEASING = YES;
				CLANG_WARN_BOOL_CONVERSION = YES;
				CLANG_WARN_COMMA = YES;
				CLANG_WARN_CONSTANT_CONVERSION = YES;
				CLANG_WARN_DEPRECATED_OBJC_IMPLEMENTATIONS = YES;
				CLANG_WARN_DIRECT_OBJC_ISA_USAGE = YES_ERROR;
				CLANG_WARN_DOCUMENTATION_COMMENTS = YES;
				CLANG_WARN_EMPTY_BODY = YES;
				CLANG_WARN_ENUM_CONVERSION = YES;
				CLANG_WARN_INFINITE_RECURSION = YES;
				CLANG_WARN_INT_CONVERSION = YES;
				CLANG_WARN_NON_LITERAL_NULL_CONVERSION = YES;
				CLANG_WARN_OBJC_IMPLICIT_RETAIN_SELF = YES;
				CLANG_WARN_OBJC_LITERAL_CONVERSION = YES;
				CLANG_WARN_OBJC_ROOT_CLASS = YES_ERROR;
				CLANG_WARN_QUOTED_INCLUDE_IN_FRAMEWORK_HEADER = YES;
				CLANG_WARN_RANGE_LOOP_ANALYSIS = YES;
				CLANG_WARN_STRICT_PROTOTYPES = YES;
				CLANG_WARN_SUSPICIOUS_MOVE = YES;
				CLANG_WARN_UNGUARDED_AVAILABILITY = YES_AGGRESSIVE;
				CLANG_WARN_UNREACHABLE_CODE = YES;
				CLANG_WARN__DUPLICATE_METHOD_MATCH = YES;
				COPY_PHASE_STRIP = NO;
				DEBUG_INFORMATION_FORMAT = "dwarf-with-dsym";
				ENABLE_NS_ASSERTIONS = NO;
				ENABLE_STRICT_OBJC_MSGSEND = YES;
				GCC_C_LANGUAGE_STANDARD = gnu11;
				GCC_NO_COMMON_BLOCKS = YES;
				GCC_WARN_64_TO_32_BIT_CONVERSION = YES;
				GCC_WARN_ABOUT_RETURN_TYPE = YES_ERROR;
				GCC_WARN_UNDECLARED_SELECTOR = YES;
				GCC_WARN_UNINITIALIZED_AUTOS = YES_AGGRESSIVE;
				GCC_WARN_UNUSED_FUNCTION = YES;
				GCC_WARN_UNUSED_VARIABLE = YES;
				IPHONEOS_DEPLOYMENT_TARGET = 15.5;
				MTL_ENABLE_DEBUG_INFO = NO;
				MTL_FAST_MATH = YES;
				SDKROOT = iphoneos;
				SWIFT_COMPILATION_MODE = wholemodule;
				SWIFT_OPTIMIZATION_LEVEL = "-O";
				VALIDATE_PRODUCT = YES;
			};
			name = Release;
		};
		20B35E3A28C87DA300232E6A /* Debug */ = {
			isa = XCBuildConfiguration;
			buildSettings = {
				ASSETCATALOG_COMPILER_APPICON_NAME = AppIcon;
				ASSETCATALOG_COMPILER_GLOBAL_ACCENT_COLOR_NAME = AccentColor;
				ASSETCATALOG_COMPILER_INCLUDE_ALL_APPICON_ASSETS = NO;
				CODE_SIGN_ENTITLEMENTS = IOSapp/IOSapp.entitlements;
				"CODE_SIGN_IDENTITY[sdk=macosx*]" = "-";
				CODE_SIGN_STYLE = Automatic;
				CURRENT_PROJECT_VERSION = 1;
				DEVELOPMENT_ASSET_PATHS = "\"IOSapp/Preview Content\"";
				DEVELOPMENT_TEAM = T59GSG5X2Z;
				ENABLE_PREVIEWS = YES;
				GENERATE_INFOPLIST_FILE = YES;
				INFOPLIST_KEY_UIApplicationSceneManifest_Generation = YES;
				INFOPLIST_KEY_UIApplicationSupportsIndirectInputEvents = YES;
				INFOPLIST_KEY_UILaunchScreen_Generation = YES;
				INFOPLIST_KEY_UISupportedInterfaceOrientations = "";
				INFOPLIST_KEY_UISupportedInterfaceOrientations_iPad = "UIInterfaceOrientationPortrait UIInterfaceOrientationPortraitUpsideDown UIInterfaceOrientationLandscapeLeft UIInterfaceOrientationLandscapeRight";
				INFOPLIST_KEY_UISupportedInterfaceOrientations_iPhone = "UIInterfaceOrientationPortrait UIInterfaceOrientationLandscapeLeft UIInterfaceOrientationLandscapeRight";
				IPHONEOS_DEPLOYMENT_TARGET = 16.0;
				LD_RUNPATH_SEARCH_PATHS = (
					"$(inherited)",
					"@executable_path/Frameworks",
				);
				MARKETING_VERSION = 1.0;
				PRODUCT_BUNDLE_IDENTIFIER = xyz.mrstanda.TasksApp;
				PRODUCT_NAME = TasksApp;
				SUPPORTS_MACCATALYST = NO;
				SWIFT_EMIT_LOC_STRINGS = YES;
				SWIFT_VERSION = 5.0;
				TARGETED_DEVICE_FAMILY = "1,2";
			};
			name = Debug;
		};
		20B35E3B28C87DA300232E6A /* Release */ = {
			isa = XCBuildConfiguration;
			buildSettings = {
				ASSETCATALOG_COMPILER_APPICON_NAME = AppIcon;
				ASSETCATALOG_COMPILER_GLOBAL_ACCENT_COLOR_NAME = AccentColor;
				ASSETCATALOG_COMPILER_INCLUDE_ALL_APPICON_ASSETS = NO;
				CODE_SIGN_ENTITLEMENTS = IOSapp/IOSapp.entitlements;
				"CODE_SIGN_IDENTITY[sdk=macosx*]" = "-";
				CODE_SIGN_STYLE = Automatic;
				CURRENT_PROJECT_VERSION = 1;
				DEVELOPMENT_ASSET_PATHS = "\"IOSapp/Preview Content\"";
				DEVELOPMENT_TEAM = T59GSG5X2Z;
				ENABLE_PREVIEWS = YES;
				GENERATE_INFOPLIST_FILE = YES;
				INFOPLIST_KEY_UIApplicationSceneManifest_Generation = YES;
				INFOPLIST_KEY_UIApplicationSupportsIndirectInputEvents = YES;
				INFOPLIST_KEY_UILaunchScreen_Generation = YES;
				INFOPLIST_KEY_UISupportedInterfaceOrientations = "";
				INFOPLIST_KEY_UISupportedInterfaceOrientations_iPad = "UIInterfaceOrientationPortrait UIInterfaceOrientationPortraitUpsideDown UIInterfaceOrientationLandscapeLeft UIInterfaceOrientationLandscapeRight";
				INFOPLIST_KEY_UISupportedInterfaceOrientations_iPhone = "UIInterfaceOrientationPortrait UIInterfaceOrientationLandscapeLeft UIInterfaceOrientationLandscapeRight";
				IPHONEOS_DEPLOYMENT_TARGET = 16.0;
				LD_RUNPATH_SEARCH_PATHS = (
					"$(inherited)",
					"@executable_path/Frameworks",
				);
				MARKETING_VERSION = 1.0;
				PRODUCT_BUNDLE_IDENTIFIER = xyz.mrstanda.TasksApp;
				PRODUCT_NAME = TasksApp;
				SUPPORTS_MACCATALYST = NO;
				SWIFT_EMIT_LOC_STRINGS = YES;
				SWIFT_VERSION = 5.0;
				TARGETED_DEVICE_FAMILY = "1,2";
			};
			name = Release;
		};
/* End XCBuildConfiguration section */

/* Begin XCConfigurationList section */
		20B35E2628C87DA100232E6A /* Build configuration list for PBXProject "TasksApp" */ = {
			isa = XCConfigurationList;
			buildConfigurations = (
				20B35E3728C87DA300232E6A /* Debug */,
				20B35E3828C87DA300232E6A /* Release */,
			);
			defaultConfigurationIsVisible = 0;
			defaultConfigurationName = Release;
		};
		20B35E3928C87DA300232E6A /* Build configuration list for PBXNativeTarget "IOSapp" */ = {
			isa = XCConfigurationList;
			buildConfigurations = (
				20B35E3A28C87DA300232E6A /* Debug */,
				20B35E3B28C87DA300232E6A /* Release */,
			);
			defaultConfigurationIsVisible = 0;
			defaultConfigurationName = Release;
		};
/* End XCConfigurationList section */
	};
	rootObject = 20B35E2328C87DA100232E6A /* Project object */;
}
